lockfileVersion: '9.0'

settings:
  autoInstallPeers: false
  excludeLinksFromLockfile: false

importers:

  .:
    dependencies:
      unbash:
        specifier: jdiamond/unbash#combined-fixes
        version: https://codeload.github.com/jdiamond/unbash/tar.gz/fd5f6dae2de314d4029450c5269f2f04b673f40a

packages:

  '@ericcornelissen/bash-parser@0.5.3':
    resolution: {integrity: sha512-9Z0sGuXqf6En19qmwB0Syi1Mc8TYl756dNuuaYal9mrypKa0Jq/IX6aJfh6Rk2S3z66KBisWTqloDo7weYj4zg==}
    engines: {node: '>=4'}
    deprecated: Support for this package will stop 2025-12-31

  arity-n@1.0.4:
    resolution: {integrity: sha512-fExL2kFDC1Q2DUOx3whE/9KoN66IzkY4b4zUHUBFM1ojEYjZZYDcUW3bek/ufGionX9giIKDC5redH2IlGqcQQ==}

  array-last@1.3.0:
    resolution: {integrity: sha512-eOCut5rXlI6aCOS7Z7kCplKRKyiFQ6dHFBem4PwlwKeNFk2/XxTrhRh5T9PyaEWGy/NHTZWbY+nsZlNFJu9rYg==}
    engines: {node: '>=0.10.0'}

  babylon@6.18.0:
    resolution: {integrity: sha512-q/UEjfGJ2Cm3oKV71DJz9d25TPnq5rhBVL2Q4fA5wcC3jcrdn7+SssEybFIxwAvvP+YCsCYNKughoF33GxgycQ==}
    hasBin: true

  bash-parser@0.5.0:
    resolution: {integrity: sha512-AQR43o4W4sj4Jf+oy4cFtGgyBps4B+MYnJg6Xds8VVC7yomFtQekhOORQNHfQ8D6YJ0XENykr3TpxMn3rUtgeg==}
    engines: {node: '>=4'}

  compose-function@3.0.3:
    resolution: {integrity: sha512-xzhzTJ5eC+gmIzvZq+C3kCJHsp9os6tJkrigDRZclyGtOKINbZtE8n1Tzmeh32jW+BUDPbvZpibwvJHBLGMVwg==}

  curry@1.2.0:
    resolution: {integrity: sha512-PAdmqPH2DUYTCc/aknv6RxRxmqdRHclvbz+wP8t1Xpg2Nu13qg+oLb6/5iFoDmf4dbmC9loYoy9PwwGbFt/AqA==}

  deep-freeze@0.0.1:
    resolution: {integrity: sha512-Z+z8HiAvsGwmjqlphnHW5oz6yWlOwu6EQfFTjmeTWlDeda3FS2yv3jhq35TX/ewmsnqB+RX2IdsIOyjJCQN5tg==}

  filter-iterator@0.0.1:
    resolution: {integrity: sha512-v4lhL7Qa8XpbW3LN46CEnmhGk3eHZwxfNl5at20aEkreesht4YKb/Ba3BUIbnPhAC/r3dmu7ABaGk6MAvh2alA==}

  filter-obj@1.1.0:
    resolution: {integrity: sha512-8rXg1ZnX7xzy2NGDVkBVaAy+lSlPNwad13BtgSlLuxfIslyt5Vg64U7tFcCt4WS1R0hvtnQybT/IyCkGZ3DpXQ==}
    engines: {node: '>=0.10.0'}

  has-own-property@0.1.0:
    resolution: {integrity: sha512-14qdBKoonU99XDhWcFKZTShK+QV47qU97u8zzoVo9cL5TZ3BmBHXogItSt9qJjR0KUMFRhcCW8uGIGl8nkl7Aw==}

  identity-function@1.0.0:
    resolution: {integrity: sha512-kNrgUK0qI+9qLTBidsH85HjDLpZfrrS0ElquKKe/fJFdB3D7VeKdXXEvOPDUHSHOzdZKCAAaQIWWyp0l2yq6pw==}

  is-iterable@1.1.1:
    resolution: {integrity: sha512-EdOZCr0NsGE00Pot+x1ZFx9MJK3C6wy91geZpXwvwexDLJvA4nzYyZf7r+EIwSeVsOLDdBz7ATg9NqKTzuNYuQ==}
    engines: {node: '>= 4'}

  is-number@4.0.0:
    resolution: {integrity: sha512-rSklcAIlf1OmFdyAqbnWTLVelsQ58uvZ66S/ZyawjWqIviTWCjg2PzVGw8WUA+nNuPTqb4wgA+NszrJ+08LlgQ==}
    engines: {node: '>=0.10.0'}

  iterable-lookahead@1.0.0:
    resolution: {integrity: sha512-hJnEP2Xk4+44DDwJqUQGdXal5VbyeWLaPyDl2AQc242Zr7iqz4DgpQOrEzglWVMGHMDCkguLHEKxd1+rOsmgSQ==}
    engines: {node: '>=4'}

  iterable-transform-replace@1.2.0:
    resolution: {integrity: sha512-AVCCj7CTUifWQ0ubraDgx5/e6tOWaL5qh/C8BDTjH0GuhNyFMCSsSmDtYpa4Y3ReAAQNSjUWfQ+ojhmjX10pdQ==}

  lodash.curry@4.1.1:
    resolution: {integrity: sha512-/u14pXGviLaweY5JI0IUzgzF2J6Ne8INyzAZjImcryjgkZ+ebruBxy2/JaOOkTqScddcYtakjhSaeemV8lR0tA==}

  magic-string@0.16.0:
    resolution: {integrity: sha512-c4BEos3y6G2qO0B9X7K0FVLOPT9uGrjYwYRLFmDqyl5YMboUviyecnXWp94fJTSMwPw2/sf+CEYt5AGpmklkkQ==}

  map-iterable@1.0.1:
    resolution: {integrity: sha512-siKFftph+ka2jWt8faiOWFzKP+eEuXrHuhYBitssJ5zJm209FCw5JBnaNLDiaCCb/CYZmxprdM6P7p16nA6YRA==}
    engines: {node: '>=4'}

  map-obj@2.0.0:
    resolution: {integrity: sha512-TzQSV2DiMYgoF5RycneKVUzIa9bQsj/B3tTgsE3dOGqlzHnGIDaC7XBE7grnA+8kZPnfqSGFe95VHc2oc0VFUQ==}
    engines: {node: '>=4'}

  mitata@1.0.34:
    resolution: {integrity: sha512-Mc3zrtNBKIMeHSCQ0XqRLo1vbdIx1wvFV9c8NJAiyho6AjNfMY8bVhbS12bwciUdd1t4rj8099CH3N3NFahaUA==}

  node-addon-api@8.7.0:
    resolution: {integrity: sha512-9MdFxmkKaOYVTV+XVRG8ArDwwQ77XIgIPyKASB1k3JPq3M8fGQQQE3YpMOrKm6g//Ktx8ivZr8xo1Qmtqub+GA==}
    engines: {node: ^18 || ^20 || >= 21}

  node-gyp-build@4.8.4:
    resolution: {integrity: sha512-LA4ZjwlnUblHVgq0oBF3Jl/6h/Nvs5fzBLwdEF4nuxnFdsfajde4WfxtJr3CaiH+F6ewcIB/q4jQ4UzPyid+CQ==}
    hasBin: true

  object-pairs@0.1.0:
    resolution: {integrity: sha512-3ECr6K831I4xX/Mduxr9UC+HPOz/d6WKKYj9p4cmC8Lg8p7g8gitzsxNX5IWlSIgFWN/a4JgrJaoAMKn20oKwA==}

  object-values@1.0.0:
    resolution: {integrity: sha512-+8hwcz/JnQ9EpLIXzN0Rs7DLsBpJNT/xYehtB/jU93tHYr5BFEO8E+JGQNOSqE7opVzz5cGksKFHt7uUJVLSjQ==}
    engines: {node: '>=0.10.0'}

  reverse-arguments@1.0.0:
    resolution: {integrity: sha512-/x8uIPdTafBqakK0TmPNJzgkLP+3H+yxpUJhCQHsLBg1rYEVNR2D8BRYNWQhVBjyOd7oo1dZRVzIkwMY2oqfYQ==}

  sh-syntax@0.5.8:
    resolution: {integrity: sha512-JfVoxf4FxQI5qpsPbkHhZo+n6N9YMJobyl4oGEUBb/31oQYlgTjkXQD8PBiafS2UbWoxrTO0Z5PJUBXEPAG1Zw==}
    engines: {node: '>=16.0.0'}

  shell-quote-word@1.0.1:
    resolution: {integrity: sha512-lT297f1WLAdq0A4O+AknIFRP6kkiI3s8C913eJ0XqBxJbZPGWUNkRQk2u8zk4bEAjUJ5i+fSLwB6z1HzeT+DEg==}

  string.fromcodepoint@0.2.1:
    resolution: {integrity: sha512-n69H31OnxSGSZyZbgBlvYIXlrMhJQ0dQAX1js1QDhpaUH6zmU3QYlj07bCwCNlPOu3oRXIubGPl2gDGnHsiCqg==}

  to-no-case@1.0.2:
    resolution: {integrity: sha512-Z3g735FxuZY8rodxV4gH7LxClE4H0hTIyHNIHdk+vpQxjLm0cwnKXq/OFVZ76SOQmto7txVcwSCwkU5kqp+FKg==}

  to-pascal-case@1.0.0:
    resolution: {integrity: sha512-QGMWHqM6xPrcQW57S23c5/3BbYb0Tbe9p+ur98ckRnGDwD4wbbtDiYI38CfmMKNB5Iv0REjs5SNDntTwvDxzZA==}

  to-space-case@1.0.0:
    resolution: {integrity: sha512-rLdvwXZ39VOn1IxGL3V6ZstoTbwLRckQmn/U8ZDLuWwIXNpuZDhQ3AiRUlhTbOXFVE9C+dR51wM0CBDhk31VcA==}

  transform-spread-iterable@1.4.1:
    resolution: {integrity: sha512-/GnF26X3zC8wfWyRzvuXX/Vb31TrU3Rwipmr4MC5hTi6X/yOXxXUSw4+pcHmKJ2+0KRrcS21YWZw77ukhVJBdQ==}

  tree-sitter-bash@0.25.1:
    resolution: {integrity: sha512-7hMytuYIMoXOq24yRulgIxthE9YmggZIOHCyPTTuJcu6EU54tYD+4G39cUb28kxC6jMf/AbPfWGLQtgPTdh3xw==}
    peerDependencies:
      tree-sitter: ^0.25.0
    peerDependenciesMeta:
      tree-sitter:
        optional: true

  tree-sitter@0.25.0:
    resolution: {integrity: sha512-PGZZzFW63eElZJDe/b/R/LbsjDDYJa5UEjLZJB59RQsMX+fo0j54fqBPn1MGKav/QNa0JR0zBiVaikYDWCj5KQ==}

  tslib@2.8.1:
    resolution: {integrity: sha512-oJFu94HQb+KVduSUQL7wnpmqnfmLsOA/nAh6b6EH0wCEoK0/mPeXU6c3wKDV83MkOuHPRHtSXKKU99IBazS/2w==}

  unbash@https://codeload.github.com/jdiamond/unbash/tar.gz/fd5f6dae2de314d4029450c5269f2f04b673f40a:
    resolution: {tarball: https://codeload.github.com/jdiamond/unbash/tar.gz/fd5f6dae2de314d4029450c5269f2f04b673f40a}
    version: 2.2.0
    engines: {node: '>=14'}

  unescape-js@1.1.4:
    resolution: {integrity: sha512-42SD8NOQEhdYntEiUQdYq/1V/YHwr1HLwlHuTJB5InVVdOSbgI6xu8jK5q65yIzuFCfczzyDF/7hbGzVbyCw0g==}

  vlq@0.2.3:
    resolution: {integrity: sha512-DRibZL6DsNhIgYQ+wNdWDL2SL3bKPlVrRiBqV5yuMm++op8W4kGFtaQfCs4KEJn0wBZcHVHJ3eoywX8983k1ow==}

  web-tree-sitter@0.26.8:
    resolution: {integrity: sha512-4sUwi7ZyOrIk5KLgYLkc2A/F0LFMQnBhfb+2Cdl7ik4ePJ6JD+fk4ofI2sA5eGawBKBaK4Vntt7Ww5KcEsay4A==}

snapshots:

  '@ericcornelissen/bash-parser@0.5.3':
    dependencies:
      array-last: 1.3.0
      babylon: 6.18.0
      compose-function: 3.0.3
      filter-obj: 1.1.0
      has-own-property: 0.1.0
      identity-function: 1.0.0
      is-iterable: 1.1.1
      iterable-lookahead: 1.0.0
      lodash.curry: 4.1.1
      magic-string: 0.16.0
      map-obj: 2.0.0
      object-pairs: 0.1.0
      object-values: 1.0.0
      reverse-arguments: 1.0.0
      shell-quote-word: 1.0.1
      to-pascal-case: 1.0.0
      unescape-js: 1.1.4
    optional: true

  arity-n@1.0.4:
    optional: true

  array-last@1.3.0:
    dependencies:
      is-number: 4.0.0
    optional: true

  babylon@6.18.0:
    optional: true

  bash-parser@0.5.0:
    dependencies:
      array-last: 1.3.0
      babylon: 6.18.0
      compose-function: 3.0.3
      curry: 1.2.0
      deep-freeze: 0.0.1
      filter-iterator: 0.0.1
      filter-obj: 1.1.0
      has-own-property: 0.1.0
      identity-function: 1.0.0
      iterable-lookahead: 1.0.0
      iterable-transform-replace: 1.2.0
      magic-string: 0.16.0
      map-iterable: 1.0.1
      map-obj: 2.0.0
      object-pairs: 0.1.0
      object-values: 1.0.0
      reverse-arguments: 1.0.0
      shell-quote-word: 1.0.1
      to-pascal-case: 1.0.0
      transform-spread-iterable: 1.4.1
      unescape-js: 1.1.4
    optional: true

  compose-function@3.0.3:
    dependencies:
      arity-n: 1.0.4
    optional: true

  curry@1.2.0:
    optional: true

  deep-freeze@0.0.1:
    optional: true

  filter-iterator@0.0.1:
    optional: true

  filter-obj@1.1.0:
    optional: true

  has-own-property@0.1.0:
    optional: true

  identity-function@1.0.0:
    optional: true

  is-iterable@1.1.1:
    optional: true

  is-number@4.0.0:
    optional: true

  iterable-lookahead@1.0.0:
    optional: true

  iterable-transform-replace@1.2.0:
    dependencies:
      curry: 1.2.0
    optional: true

  lodash.curry@4.1.1:
    optional: true

  magic-string@0.16.0:
    dependencies:
      vlq: 0.2.3
    optional: true

  map-iterable@1.0.1:
    dependencies:
      curry: 1.2.0
      is-iterable: 1.1.1
    optional: true

  map-obj@2.0.0:
    optional: true

  mitata@1.0.34:
    optional: true

  node-addon-api@8.7.0:
    optional: true

  node-gyp-build@4.8.4:
    optional: true

  object-pairs@0.1.0:
    optional: true

  object-values@1.0.0:
    optional: true

  reverse-arguments@1.0.0:
    optional: true

  sh-syntax@0.5.8:
    dependencies:
      tslib: 2.8.1
    optional: true

  shell-quote-word@1.0.1:
    optional: true

  string.fromcodepoint@0.2.1:
    optional: true

  to-no-case@1.0.2:
    optional: true

  to-pascal-case@1.0.0:
    dependencies:
      to-space-case: 1.0.0
    optional: true

  to-space-case@1.0.0:
    dependencies:
      to-no-case: 1.0.2
    optional: true

  transform-spread-iterable@1.4.1:
    dependencies:
      curry: 1.2.0
    optional: true

  tree-sitter-bash@0.25.1(tree-sitter@0.25.0):
    dependencies:
      node-addon-api: 8.7.0
      node-gyp-build: 4.8.4
    optionalDependencies:
      tree-sitter: 0.25.0
    optional: true

  tree-sitter@0.25.0:
    dependencies:
      node-addon-api: 8.7.0
      node-gyp-build: 4.8.4
    optional: true

  tslib@2.8.1:
    optional: true

  unbash@https://codeload.github.com/jdiamond/unbash/tar.gz/fd5f6dae2de314d4029450c5269f2f04b673f40a:
    optionalDependencies:
      '@ericcornelissen/bash-parser': 0.5.3
      bash-parser: 0.5.0
      mitata: 1.0.34
      sh-syntax: 0.5.8
      tree-sitter: 0.25.0
      tree-sitter-bash: 0.25.1(tree-sitter@0.25.0)
      web-tree-sitter: 0.26.8

  unescape-js@1.1.4:
    dependencies:
      string.fromcodepoint: 0.2.1
    optional: true

  vlq@0.2.3:
    optional: true

  web-tree-sitter@0.26.8:
    optional: true
